b612.me/notify v1.2.0 h1:RedXNMLqY+TozalmdIUM27EFvZp06pzeqHn/F9G1eEs=
b612.me/notify v1.2.0/go.mod h1:EPctpKCVnoZO1hUJTRYpOw3huTemua+SGNIuUCsnzOc=
b612.me/starcrypto v0.0.1 h1:xGngzXPUrVbqtWzNw2e+0eWsdG7GG1/X+ONDGIzdriI=
b612.me/starcrypto v0.0.1/go.mod h1:hz0xRnfWNpYOlVrIPoGrQOWPibq4YiUZ7qN5tsQbzPo=
b612.me/stario v0.0.5/go.mod h1:or4ssWcxQSjMeu+hRKEgtp0X517b3zdlEOAms8Qscvw=
b612.me/stario v0.0.6 h1:XUqmGKBoesrscMFcItvsUCvvy7JMsd2a6hapl+vtggQ=
b612.me/stario v0.0.6/go.mod h1:or4ssWcxQSjMeu+hRKEgtp0X517b3zdlEOAms8Qscvw=
b612.me/stario v0.0.7 h1:QbQcsHCVLE6vRgVrPN4+9DGiSaC6IWdtm4ClL2tpMUg=
b612.me/stario v0.0.7/go.mod h1:or4ssWcxQSjMeu+hRKEgtp0X517b3zdlEOAms8Qscvw=
b612.me/starlog v1.3.0 h1:GV/qhZ1MssUWedT5YHDltGbq+ZUoB58ysNY/yI7QuDw=
b612.me/starlog v1.3.0/go.mod h1:qydvFLzkSg+2TrgNvc+bbx5qC6GaH+dtJUjgQjRL0ro=
b612.me/starmap v1.2.0 h1:sRUeMRUqOyb3pAQln5U6V07kIYp0714Z3gJ/g2nCJXc=
b612.me/starmap v1.2.0/go.mod h1:InIJXA3qVeMkvkUhCV/XPchCiNcJcVYdYV8EAOGbGZY=
b612.me/starnet v0.1.3/go.mod h1:j/dd6BKwQK80O4gfbGYg2aYtPH76gSdgpuKboK/DwN4=
b612.me/starnet v0.1.4 h1:3ptCKE+lVVJv9FxKXz2FDXe+qTjfRQIoxDSMd2iTWUo=
b612.me/starnet v0.1.4/go.mod h1:j/dd6BKwQK80O4gfbGYg2aYtPH76gSdgpuKboK/DwN4=
b612.me/staros v1.1.2 h1:jBFU1KHgn0VpyitYKwC9Zwj1GjmDBGM+fuTyV0yGXRo=
b612.me/staros v1.1.2/go.mod h1:9kNWVJWNJfs2MiWEt7X3SO+ixYKPGqus1ShTy8hpfU0=
b612.me/win32api v0.0.1 h1:vLFB1xhO6pd9+zB2EyaapKB459Urv3v+C1YwgwOFEWo=
b612.me/win32api v0.0.1/go.mod h1:MHu0JBQjzxQ2yxpZPUBbn5un45o67eF5iWKa4Q9e0yE=
b612.me/wincmd v0.0.1 h1:4+RCFKHuD/JqAYsdtO6sTNKJs1nQVMQo87h6KhTJjkM=
b612.me/wincmd v0.0.1/go.mod h1:32xTM7qWAI7jx6qwTrig05rxejSYbSp7CX5WD7qsMxY=
github.com/cpuguy83/go-md2man/v2 v2.0.1/go.mod h1:tgQtvFlXSQOSOSIRvRPT7W67SCa46tRHOmNcaadrF8o=
github.com/inconshreveable/mousetrap v1.0.0 h1:Z8tu5sraLXCXIcARxBp/8cbvlwVa7Z1NHg9XEKhtSvM=
github.com/inconshreveable/mousetrap v1.0.0/go.mod h1:PxqpIevigyE2G7u3NXJIT2ANytuPF1OarO4DADm73n8=
github.com/russross/blackfriday/v2 v2.1.0/go.mod h1:+Rmxgy9KzJVeS9/2gXHxylqXiyQDYRxCVz55jmeOWTM=
github.com/spf13/cobra v1.4.0 h1:y+wJpx64xcgO1V+RcnwW0LEHxTKRi2ZDPSBjWnrg88Q=
github.com/spf13/cobra v1.4.0/go.mod h1:Wo4iy3BUC+X2Fybo0PDqwJIv3dNRiZLHQymsfxlB84g=
github.com/spf13/pflag v1.0.5 h1:iy+VFUOCP1a+8yFto/drg2CJ5u0yRoB7fZw3DKv/JXA=
github.com/spf13/pflag v1.0.5/go.mod h1:McXfInJRrz4CZXVZOBLb0bTZqETkiAhM9Iw0y3An2Bg=
golang.org/x/crypto v0.0.0-20220313003712-b769efc7c000 h1:SL+8VVnkqyshUSz5iNnXtrBQzvFF2SkROm6t5RczFAE=
golang.org/x/crypto v0.0.0-20220313003712-b769efc7c000/go.mod h1:IxCIyHEi3zRg3s0A5j5BB6A9Jmi73HwBIUl50j+osU4=
golang.org/x/net v0.0.0-20211112202133-69e39bad7dc2/go.mod h1:9nx3DQGgdP8bBQD5qxJ1jj9UTztislL4KSBs9R2vV5Y=
golang.org/x/sys v0.0.0-20201119102817-f84b799fce68/go.mod h1:h1NjWce9XRLGQEsW7wpKNCjG9DtNlClVuFLEZdDNbEs=
golang.org/x/sys v0.0.0-20210423082822-04245dca01da/go.mod h1:h1NjWce9XRLGQEsW7wpKNCjG9DtNlClVuFLEZdDNbEs=
golang.org/x/sys v0.0.0-20210615035016-665e8c7367d1/go.mod h1:oPkhp1MJrh7nUepCBck5+mAzfO9JrbApNNgaTdGDITg=
golang.org/x/sys v0.0.0-20220310020820-b874c991c1a5 h1:y/woIyUBFbpQGKS0u1aHF/40WUDnek3fPOyD08H5Vng=
golang.org/x/sys v0.0.0-20220310020820-b874c991c1a5/go.mod h1:oPkhp1MJrh7nUepCBck5+mAzfO9JrbApNNgaTdGDITg=
golang.org/x/term v0.0.0-20201126162022-7de9c90e9dd1 h1:v+OssWQX+hTHEmOBgwxdZxK4zHq3yOs8F9J7mk0PY8E=
golang.org/x/term v0.0.0-20201126162022-7de9c90e9dd1/go.mod h1:bj7SfCRtBDWHUb9snDiAeCFNEtKQo2Wmx5Cou7ajbmo=
golang.org/x/text v0.3.6/go.mod h1:5Zoc/QRtKVWzQhOtBMvqHzDpF6irO9z98xDceosuGiQ=
golang.org/x/tools v0.0.0-20180917221912-90fa682c2a6e/go.mod h1:n7NCudcB/nEzxVGmLbDWY5pfWTLqBcC2KZ6jyYvM4mQ=
gopkg.in/check.v1 v0.0.0-20161208181325-20d25e280405/go.mod h1:Co6ibVJAznAaIkqp8huTwlJQCZ016jof/cbN4VW5Yz0=
gopkg.in/yaml.v2 v2.4.0/go.mod h1:RDklbk79AGWmwhnvt/jBztapEOGDOx6ZbXqjP6csGnQ=
